
Microsoft Visual Studio Solution File, Format Version 12.00
# Visual Studio Version 16
VisualStudioVersion = 16.0.30406.217
MinimumVisualStudioVersion = 10.0.40219.1
Project("{FAE04EC0-301F-11D3-BF4B-00C04F79EFBC}") = "Domicilios.API", "Domicilios.API\Domicilios.API.csproj", "{F84FC3E0-2161-4F7A-9923-D566DE83419B}"
EndProject
Global
	GlobalSection(SolutionConfigurationPlatforms) = preSolution
		Debug|Any CPU = Debug|Any CPU
		Release|Any CPU = Release|Any CPU
	EndGlobalSection
	GlobalSection(ProjectConfigurationPlatforms) = postSolution
		{F84FC3E0-2161-4F7A-9923-D566DE83419B}.Debug|Any CPU.ActiveCfg = Debug|Any CPU
		{F84FC3E0-2161-4F7A-9923-D566DE83419B}.Debug|Any CPU.Build.0 = Debug|Any CPU
		{F84FC3E0-2161-4F7A-9923-D566DE83419B}.Release|Any CPU.ActiveCfg = Release|Any CPU
		{F84FC3E0-2161-4F7A-9923-D566DE83419B}.Release|Any CPU.Build.0 = Release|Any CPU
	EndGlobalSection
	GlobalSection(SolutionProperties) = preSolution
		HideSolutionNode = FALSE
	EndGlobalSection
	GlobalSection(ExtensibilityGlobals) = postSolution
		SolutionGuid = {3AE85905-2132-476A-8583-22F595B08EF3}
	EndGlobalSection
EndGlobal
